
Microsoft Visual Studio Solution File, Format Version 12.00
# Visual Studio Version 16
VisualStudioVersion = 16.0.33130.400
MinimumVisualStudioVersion = 10.0.40219.1
Project("{FAE04EC0-301F-11D3-BF4B-00C04F79EFBC}") = "CEMET.WebApp", "CEMET.WebApp\CEMET.WebApp.csproj", "{1E607F9E-4352-4629-A9FF-A20F1F47E08B}"
EndProject
Project("{FAE04EC0-301F-11D3-BF4B-00C04F79EFBC}") = "CEMET.WebApp.Tests", "CEMET.WebApp.Tests\CEMET.WebApp.Tests.csproj", "{590D61EF-7EC9-42FE-86D5-C3C864877D84}"
EndProject
Global
	GlobalSection(SolutionConfigurationPlatforms) = preSolution
		Debug|Any CPU = Debug|Any CPU
		Release|Any CPU = Release|Any CPU
	EndGlobalSection
	GlobalSection(ProjectConfigurationPlatforms) = postSolution
		{1E607F9E-4352-4629-A9FF-A20F1F47E08B}.Debug|Any CPU.ActiveCfg = Debug|Any CPU
		{1E607F9E-4352-4629-A9FF-A20F1F47E08B}.Debug|Any CPU.Build.0 = Debug|Any CPU
		{1E607F9E-4352-4629-A9FF-A20F1F47E08B}.Release|Any CPU.ActiveCfg = Release|Any CPU
		{1E607F9E-4352-4629-A9FF-A20F1F47E08B}.Release|Any CPU.Build.0 = Release|Any CPU
		{590D61EF-7EC9-42FE-86D5-C3C864877D84}.Debug|Any CPU.ActiveCfg = Debug|Any CPU
		{590D61EF-7EC9-42FE-86D5-C3C864877D84}.Debug|Any CPU.Build.0 = Debug|Any CPU
		{590D61EF-7EC9-42FE-86D5-C3C864877D84}.Release|Any CPU.ActiveCfg = Release|Any CPU
		{590D61EF-7EC9-42FE-86D5-C3C864877D84}.Release|Any CPU.Build.0 = Release|Any CPU
	EndGlobalSection
	GlobalSection(SolutionProperties) = preSolution
		HideSolutionNode = FALSE
	EndGlobalSection
	GlobalSection(ExtensibilityGlobals) = postSolution
		SolutionGuid = {51924EF5-C691-4615-A0BA-2DDD3C34DCA6}
	EndGlobalSection
EndGlobal
